
Microsoft Visual Studio Solution File, Format Version 12.00
# Visual Studio Version 17
VisualStudioVersion = 17.12.35309.182
MinimumVisualStudioVersion = 10.0.40219.1
Project("{FAE04EC0-301F-11D3-BF4B-00C04F79EFBC}") = "001-app1-vypis-rady", "001-app1-vypis-rady\001-app1-vypis-rady.csproj", "{7BED9F6D-2C7F-4926-A5A9-BAA8B0029158}"
EndProject
Project("{2150E333-8FDC-42A3-9474-1A3956D46DE8}") = "Solution Items", "Solution Items", "{4A7DBDF8-F896-4F17-BA6D-C58F5B684B80}"
	ProjectSection(SolutionItems) = preProject
		.editorconfig = .editorconfig
	EndProjectSection
EndProject
Project("{FAE04EC0-301F-11D3-BF4B-00C04F79EFBC}") = "002a-app2a-soucet-cifer", "002a-app2a-soucet-cifer\002a-app2a-soucet-cifer.csproj", "{949A1093-E7C4-4176-BA5C-E7FD86A55685}"
EndProject
Project("{FAE04EC0-301F-11D3-BF4B-00C04F79EFBC}") = "002b-app2b-soucet-cifer", "002b-app2b-soucet-cifer\002b-app2b-soucet-cifer.csproj", "{0A8870E1-625C-4A37-B49E-DF632D6F9E13}"
EndProject
Project("{FAE04EC0-301F-11D3-BF4B-00C04F79EFBC}") = "003a-app3a-obdelnik", "003a-app3a-obdelnik\003a-app3a-obdelnik.csproj", "{C1401BA6-4702-4D2E-901D-98855417D9B0}"
EndProject
Project("{FAE04EC0-301F-11D3-BF4B-00C04F79EFBC}") = "003b-app3b-pravouhly-trojuhelnik", "003b-app3b-pravouhly-trojuhelnik\003b-app3b-pravouhly-trojuhelnik.csproj", "{B10FA3D9-091F-4EF3-92C0-10470F82E3AB}"
EndProject
Project("{FAE04EC0-301F-11D3-BF4B-00C04F79EFBC}") = "004-app4-generator", "004-app4-generator\004-app4-generator.csproj", "{709955AC-6F80-4B98-B4D9-C081B4EE1775}"
EndProject
Project("{FAE04EC0-301F-11D3-BF4B-00C04F79EFBC}") = "003c-app3c-obrazce", "003c-app3c-obrazce\003c-app3c-obrazce.csproj", "{66A4C664-1C9A-4A59-8A8E-1AB9F999DD71}"
EndProject
Project("{FAE04EC0-301F-11D3-BF4B-00C04F79EFBC}") = "005-app5-max-min", "005-app5-max-min\005-app5-max-min.csproj", "{A5F2409B-ECE8-4E50-B69D-1B90232CE713}"
EndProject
Project("{FAE04EC0-301F-11D3-BF4B-00C04F79EFBC}") = "006-app6-analyza-textu", "006-app6-analyza-textu\006-app6-analyza-textu.csproj", "{99AAC9C3-7D6B-48F7-A46B-564DAD28A8E4}"
EndProject
Project("{FAE04EC0-301F-11D3-BF4B-00C04F79EFBC}") = "007-app7-bubble-sort", "007-app7-bubble-sort\007-app7-bubble-sort.csproj", "{A3287A52-BEF8-4C12-B120-BA525E947163}"
EndProject
Project("{FAE04EC0-301F-11D3-BF4B-00C04F79EFBC}") = "009-app9-otoceni-pole", "009-app9-otoceni-pole\009-app9-otoceni-pole.csproj", "{20337858-93E4-4C6E-8848-15D1B0740D26}"
EndProject
Project("{FAE04EC0-301F-11D3-BF4B-00C04F79EFBC}") = "008-app8-ostatni-radici-algoritmy", "008-app8-ostatni-radici-algoritmy\008-app8-ostatni-radici-algoritmy.csproj", "{022E8C69-D446-4C12-80F1-3805AF26F4C3}"
EndProject
Project("{FAE04EC0-301F-11D3-BF4B-00C04F79EFBC}") = "010-app10-konvergetni-rady", "010-app10-konvergetni-rady\010-app10-konvergetni-rady.csproj", "{3D9C2DE3-10D5-4868-A6D8-9D2F8C2725F6}"
EndProject
Project("{FAE04EC0-301F-11D3-BF4B-00C04F79EFBC}") = "000-doucovani", "000-doucovani\000-doucovani.csproj", "{233FB95B-0331-4F9A-B55A-7D6C885715F7}"
EndProject
Project("{FAE04EC0-301F-11D3-BF4B-00C04F79EFBC}") = "000-BASE", "000-BASE\000-BASE.csproj", "{31732F9C-E266-4F8E-B24A-9A7875A9F024}"
EndProject
Project("{FAE04EC0-301F-11D3-BF4B-00C04F79EFBC}") = "016-app16-Fibonacciho-posloupnost", "016-app16-Fibonacciho-posloupnost\016-app16-Fibonacciho-posloupnost.csproj", "{7247E651-268A-4FFE-9806-0288CD5EA19C}"
EndProject
Global
	GlobalSection(SolutionConfigurationPlatforms) = preSolution
		Debug|Any CPU = Debug|Any CPU
		Release|Any CPU = Release|Any CPU
	EndGlobalSection
	GlobalSection(ProjectConfigurationPlatforms) = postSolution
		{7BED9F6D-2C7F-4926-A5A9-BAA8B0029158}.Debug|Any CPU.ActiveCfg = Debug|Any CPU
		{7BED9F6D-2C7F-4926-A5A9-BAA8B0029158}.Debug|Any CPU.Build.0 = Debug|Any CPU
		{7BED9F6D-2C7F-4926-A5A9-BAA8B0029158}.Release|Any CPU.ActiveCfg = Release|Any CPU
		{7BED9F6D-2C7F-4926-A5A9-BAA8B0029158}.Release|Any CPU.Build.0 = Release|Any CPU
		{949A1093-E7C4-4176-BA5C-E7FD86A55685}.Debug|Any CPU.ActiveCfg = Debug|Any CPU
		{949A1093-E7C4-4176-BA5C-E7FD86A55685}.Debug|Any CPU.Build.0 = Debug|Any CPU
		{949A1093-E7C4-4176-BA5C-E7FD86A55685}.Release|Any CPU.ActiveCfg = Release|Any CPU
		{949A1093-E7C4-4176-BA5C-E7FD86A55685}.Release|Any CPU.Build.0 = Release|Any CPU
		{0A8870E1-625C-4A37-B49E-DF632D6F9E13}.Debug|Any CPU.ActiveCfg = Debug|Any CPU
		{0A8870E1-625C-4A37-B49E-DF632D6F9E13}.Debug|Any CPU.Build.0 = Debug|Any CPU
		{0A8870E1-625C-4A37-B49E-DF632D6F9E13}.Release|Any CPU.ActiveCfg = Release|Any CPU
		{0A8870E1-625C-4A37-B49E-DF632D6F9E13}.Release|Any CPU.Build.0 = Release|Any CPU
		{C1401BA6-4702-4D2E-901D-98855417D9B0}.Debug|Any CPU.ActiveCfg = Debug|Any CPU
		{C1401BA6-4702-4D2E-901D-98855417D9B0}.Debug|Any CPU.Build.0 = Debug|Any CPU
		{C1401BA6-4702-4D2E-901D-98855417D9B0}.Release|Any CPU.ActiveCfg = Release|Any CPU
		{C1401BA6-4702-4D2E-901D-98855417D9B0}.Release|Any CPU.Build.0 = Release|Any CPU
		{B10FA3D9-091F-4EF3-92C0-10470F82E3AB}.Debug|Any CPU.ActiveCfg = Debug|Any CPU
		{B10FA3D9-091F-4EF3-92C0-10470F82E3AB}.Debug|Any CPU.Build.0 = Debug|Any CPU
		{B10FA3D9-091F-4EF3-92C0-10470F82E3AB}.Release|Any CPU.ActiveCfg = Release|Any CPU
		{B10FA3D9-091F-4EF3-92C0-10470F82E3AB}.Release|Any CPU.Build.0 = Release|Any CPU
		{709955AC-6F80-4B98-B4D9-C081B4EE1775}.Debug|Any CPU.ActiveCfg = Debug|Any CPU
		{709955AC-6F80-4B98-B4D9-C081B4EE1775}.Debug|Any CPU.Build.0 = Debug|Any CPU
		{709955AC-6F80-4B98-B4D9-C081B4EE1775}.Release|Any CPU.ActiveCfg = Release|Any CPU
		{709955AC-6F80-4B98-B4D9-C081B4EE1775}.Release|Any CPU.Build.0 = Release|Any CPU
		{66A4C664-1C9A-4A59-8A8E-1AB9F999DD71}.Debug|Any CPU.ActiveCfg = Debug|Any CPU
		{66A4C664-1C9A-4A59-8A8E-1AB9F999DD71}.Debug|Any CPU.Build.0 = Debug|Any CPU
		{66A4C664-1C9A-4A59-8A8E-1AB9F999DD71}.Release|Any CPU.ActiveCfg = Release|Any CPU
		{66A4C664-1C9A-4A59-8A8E-1AB9F999DD71}.Release|Any CPU.Build.0 = Release|Any CPU
		{A5F2409B-ECE8-4E50-B69D-1B90232CE713}.Debug|Any CPU.ActiveCfg = Debug|Any CPU
		{A5F2409B-ECE8-4E50-B69D-1B90232CE713}.Debug|Any CPU.Build.0 = Debug|Any CPU
		{A5F2409B-ECE8-4E50-B69D-1B90232CE713}.Release|Any CPU.ActiveCfg = Release|Any CPU
		{A5F2409B-ECE8-4E50-B69D-1B90232CE713}.Release|Any CPU.Build.0 = Release|Any CPU
		{99AAC9C3-7D6B-48F7-A46B-564DAD28A8E4}.Debug|Any CPU.ActiveCfg = Debug|Any CPU
		{99AAC9C3-7D6B-48F7-A46B-564DAD28A8E4}.Debug|Any CPU.Build.0 = Debug|Any CPU
		{99AAC9C3-7D6B-48F7-A46B-564DAD28A8E4}.Release|Any CPU.ActiveCfg = Release|Any CPU
		{99AAC9C3-7D6B-48F7-A46B-564DAD28A8E4}.Release|Any CPU.Build.0 = Release|Any CPU
		{A3287A52-BEF8-4C12-B120-BA525E947163}.Debug|Any CPU.ActiveCfg = Debug|Any CPU
		{A3287A52-BEF8-4C12-B120-BA525E947163}.Debug|Any CPU.Build.0 = Debug|Any CPU
		{A3287A52-BEF8-4C12-B120-BA525E947163}.Release|Any CPU.ActiveCfg = Release|Any CPU
		{A3287A52-BEF8-4C12-B120-BA525E947163}.Release|Any CPU.Build.0 = Release|Any CPU
		{20337858-93E4-4C6E-8848-15D1B0740D26}.Debug|Any CPU.ActiveCfg = Debug|Any CPU
		{20337858-93E4-4C6E-8848-15D1B0740D26}.Debug|Any CPU.Build.0 = Debug|Any CPU
		{20337858-93E4-4C6E-8848-15D1B0740D26}.Release|Any CPU.ActiveCfg = Release|Any CPU
		{20337858-93E4-4C6E-8848-15D1B0740D26}.Release|Any CPU.Build.0 = Release|Any CPU
		{022E8C69-D446-4C12-80F1-3805AF26F4C3}.Debug|Any CPU.ActiveCfg = Debug|Any CPU
		{022E8C69-D446-4C12-80F1-3805AF26F4C3}.Debug|Any CPU.Build.0 = Debug|Any CPU
		{022E8C69-D446-4C12-80F1-3805AF26F4C3}.Release|Any CPU.ActiveCfg = Release|Any CPU
		{022E8C69-D446-4C12-80F1-3805AF26F4C3}.Release|Any CPU.Build.0 = Release|Any CPU
		{3D9C2DE3-10D5-4868-A6D8-9D2F8C2725F6}.Debug|Any CPU.ActiveCfg = Debug|Any CPU
		{3D9C2DE3-10D5-4868-A6D8-9D2F8C2725F6}.Debug|Any CPU.Build.0 = Debug|Any CPU
		{3D9C2DE3-10D5-4868-A6D8-9D2F8C2725F6}.Release|Any CPU.ActiveCfg = Release|Any CPU
		{3D9C2DE3-10D5-4868-A6D8-9D2F8C2725F6}.Release|Any CPU.Build.0 = Release|Any CPU
	EndGlobalSection
	GlobalSection(SolutionProperties) = preSolution
		HideSolutionNode = FALSE
	EndGlobalSection
	GlobalSection(ExtensibilityGlobals) = postSolution
		SolutionGuid = {F4AF4EB5-33BE-4845-B5DA-07EEBCF58240}
	EndGlobalSection
EndGlobal
