
Microsoft Visual Studio Solution File, Format Version 12.00
# Visual Studio Version 17
VisualStudioVersion = 17.12.35309.182
MinimumVisualStudioVersion = 10.0.40219.1
Project("{FAE04EC0-301F-11D3-BF4B-00C04F79EFBC}") = "001-app1-vypis-rady", "001-app1-vypis-rady\001-app1-vypis-rady.csproj", "{7BED9F6D-2C7F-4926-A5A9-BAA8B0029158}"
EndProject
Project("{2150E333-8FDC-42A3-9474-1A3956D46DE8}") = "Solution Items", "Solution Items", "{4A7DBDF8-F896-4F17-BA6D-C58F5B684B80}"
	ProjectSection(SolutionItems) = preProject
		.editorconfig = .editorconfig
	EndProjectSection
EndProject
Project("{FAE04EC0-301F-11D3-BF4B-00C04F79EFBC}") = "002a-app2a-soucet-cifer", "002a-app2a-soucet-cifer\002a-app2a-soucet-cifer.csproj", "{949A1093-E7C4-4176-BA5C-E7FD86A55685}"
EndProject
Project("{FAE04EC0-301F-11D3-BF4B-00C04F79EFBC}") = "002b-app2b-soucet-cifer", "002b-app2b-soucet-cifer\002b-app2b-soucet-cifer.csproj", "{0A8870E1-625C-4A37-B49E-DF632D6F9E13}"
EndProject
Project("{FAE04EC0-301F-11D3-BF4B-00C04F79EFBC}") = "003a-app3a-obdelnik", "003a-app3a-obdelnik\003a-app3a-obdelnik.csproj", "{C1401BA6-4702-4D2E-901D-98855417D9B0}"
EndProject
Project("{FAE04EC0-301F-11D3-BF4B-00C04F79EFBC}") = "003b-app3b-pravouhly-trojuhelnik", "003b-app3b-pravouhly-trojuhelnik\003b-app3b-pravouhly-trojuhelnik.csproj", "{B10FA3D9-091F-4EF3-92C0-10470F82E3AB}"
EndProject
Project("{FAE04EC0-301F-11D3-BF4B-00C04F79EFBC}") = "004-app4-generator", "004-app4-generator\004-app4-generator.csproj", "{709955AC-6F80-4B98-B4D9-C081B4EE1775}"
EndProject
Global
	GlobalSection(SolutionConfigurationPlatforms) = preSolution
		Debug|Any CPU = Debug|Any CPU
		Release|Any CPU = Release|Any CPU
	EndGlobalSection
	GlobalSection(ProjectConfigurationPlatforms) = postSolution
		{7BED9F6D-2C7F-4926-A5A9-BAA8B0029158}.Debug|Any CPU.ActiveCfg = Debug|Any CPU
		{7BED9F6D-2C7F-4926-A5A9-BAA8B0029158}.Debug|Any CPU.Build.0 = Debug|Any CPU
		{7BED9F6D-2C7F-4926-A5A9-BAA8B0029158}.Release|Any CPU.ActiveCfg = Release|Any CPU
		{7BED9F6D-2C7F-4926-A5A9-BAA8B0029158}.Release|Any CPU.Build.0 = Release|Any CPU
		{949A1093-E7C4-4176-BA5C-E7FD86A55685}.Debug|Any CPU.ActiveCfg = Debug|Any CPU
		{949A1093-E7C4-4176-BA5C-E7FD86A55685}.Debug|Any CPU.Build.0 = Debug|Any CPU
		{949A1093-E7C4-4176-BA5C-E7FD86A55685}.Release|Any CPU.ActiveCfg = Release|Any CPU
		{949A1093-E7C4-4176-BA5C-E7FD86A55685}.Release|Any CPU.Build.0 = Release|Any CPU
		{0A8870E1-625C-4A37-B49E-DF632D6F9E13}.Debug|Any CPU.ActiveCfg = Debug|Any CPU
		{0A8870E1-625C-4A37-B49E-DF632D6F9E13}.Debug|Any CPU.Build.0 = Debug|Any CPU
		{0A8870E1-625C-4A37-B49E-DF632D6F9E13}.Release|Any CPU.ActiveCfg = Release|Any CPU
		{0A8870E1-625C-4A37-B49E-DF632D6F9E13}.Release|Any CPU.Build.0 = Release|Any CPU
		{C1401BA6-4702-4D2E-901D-98855417D9B0}.Debug|Any CPU.ActiveCfg = Debug|Any CPU
		{C1401BA6-4702-4D2E-901D-98855417D9B0}.Debug|Any CPU.Build.0 = Debug|Any CPU
		{C1401BA6-4702-4D2E-901D-98855417D9B0}.Release|Any CPU.ActiveCfg = Release|Any CPU
		{C1401BA6-4702-4D2E-901D-98855417D9B0}.Release|Any CPU.Build.0 = Release|Any CPU
		{B10FA3D9-091F-4EF3-92C0-10470F82E3AB}.Debug|Any CPU.ActiveCfg = Debug|Any CPU
		{B10FA3D9-091F-4EF3-92C0-10470F82E3AB}.Debug|Any CPU.Build.0 = Debug|Any CPU
		{B10FA3D9-091F-4EF3-92C0-10470F82E3AB}.Release|Any CPU.ActiveCfg = Release|Any CPU
		{B10FA3D9-091F-4EF3-92C0-10470F82E3AB}.Release|Any CPU.Build.0 = Release|Any CPU
		{709955AC-6F80-4B98-B4D9-C081B4EE1775}.Debug|Any CPU.ActiveCfg = Debug|Any CPU
		{709955AC-6F80-4B98-B4D9-C081B4EE1775}.Debug|Any CPU.Build.0 = Debug|Any CPU
		{709955AC-6F80-4B98-B4D9-C081B4EE1775}.Release|Any CPU.ActiveCfg = Release|Any CPU
		{709955AC-6F80-4B98-B4D9-C081B4EE1775}.Release|Any CPU.Build.0 = Release|Any CPU
	EndGlobalSection
	GlobalSection(SolutionProperties) = preSolution
		HideSolutionNode = FALSE
	EndGlobalSection
	GlobalSection(ExtensibilityGlobals) = postSolution
		SolutionGuid = {F4AF4EB5-33BE-4845-B5DA-07EEBCF58240}
	EndGlobalSection
EndGlobal
